hash: 19fc6fce037753ed14098cf5484a9aee2eddf2095a15599973d32a632bc07ba0
updated: 2018-03-09T23:14:14.755630442+01:00
imports:
- name: github.com/andybalholm/cascadia
  version: 901648c87902174f774fac311d7f176f8647bdaa
- name: github.com/PuerkitoBio/goquery
  version: 09540e565986583836b5fc792fe951ec5fd201dd
- name: github.com/renstrom/fuzzysearch
  version: d4ca9dfccd55dc6b076f9880d49c35315922c1f4
- name: github.com/schollz/closestmatch
  version: 56fb6b15a5e88fbcbc21b196488e749fc176514c
- name: golang.org/x/net
  version: 7dbad50ab5b31073856416cdcfeb2796d682f844
  subpackages:
  - html
  - html/atom
testImports:
- name: github.com/davecgh/go-spew
  version: 6d212800a42e8ab5c146b8ace3490ee17e5225f9
  subpackages:
  - spew
- name: github.com/pmezard/go-difflib
  version: d8ed2627bdf02c080bf22230dbb337003b7aba2d
  subpackages:
  - difflib
- name: github.com/stretchr/testify
  version: 69483b4bd14f5845b5a1e55bca19e954e827f1d0
  subpackages:
  - assert
